Microsoft Visual Studio Solution File, Format Version 12.00
# Visual Studio Version 17
VisualStudioVersion = 17.5.2.0
MinimumVisualStudioVersion = 10.0.40219.1
Project("{FAE04EC0-301F-11D3-BF4B-00C04F79EFBC}") = "BlazorBlueprint.Demo.Server", "BlazorBlueprint.Demo.Server.csproj", "{195C1DD1-9B13-FB9A-B2C1-2842B5AB6391}"
EndProject
Global
	GlobalSection(SolutionConfigurationPlatforms) = preSolution
		Debug|Any CPU = Debug|Any CPU
		Release|Any CPU = Release|Any CPU
	EndGlobalSection
	GlobalSection(ProjectConfigurationPlatforms) = postSolution
		{195C1DD1-9B13-FB9A-B2C1-2842B5AB6391}.Debug|Any CPU.ActiveCfg = Debug|Any CPU
		{195C1DD1-9B13-FB9A-B2C1-2842B5AB6391}.Debug|Any CPU.Build.0 = Debug|Any CPU
		{195C1DD1-9B13-FB9A-B2C1-2842B5AB6391}.Release|Any CPU.ActiveCfg = Release|Any CPU
		{195C1DD1-9B13-FB9A-B2C1-2842B5AB6391}.Release|Any CPU.Build.0 = Release|Any CPU
	EndGlobalSection
	GlobalSection(SolutionProperties) = preSolution
		HideSolutionNode = FALSE
	EndGlobalSection
	GlobalSection(ExtensibilityGlobals) = postSolution
		SolutionGuid = {B3285C6D-FF7A-4B9F-8997-76FA443C81FC}
	EndGlobalSection
EndGlobal
